
Microsoft Visual Studio Solution File, Format Version 12.00
# Visual Studio Version 16
VisualStudioVersion = 16.0.30907.101
MinimumVisualStudioVersion = 10.0.40219.1
Project("{FAE04EC0-301F-11D3-BF4B-00C04F79EFBC}") = "UnlimitedOutsideConnectionsRevisited", "UnlimitedOutsideConnectionsRevisited.csproj", "{A1D7207D-1E7D-4DC4-ABA7-B55B00917FAD}"
EndProject
Global
	GlobalSection(SolutionConfigurationPlatforms) = preSolution
		Debug|Any CPU = Debug|Any CPU
		Release|Any CPU = Release|Any CPU
	EndGlobalSection
	GlobalSection(ProjectConfigurationPlatforms) = postSolution
		{A1D7207D-1E7D-4DC4-ABA7-B55B00917FAD}.Debug|Any CPU.ActiveCfg = Debug|Any CPU
		{A1D7207D-1E7D-4DC4-ABA7-B55B00917FAD}.Debug|Any CPU.Build.0 = Debug|Any CPU
		{A1D7207D-1E7D-4DC4-ABA7-B55B00917FAD}.Release|Any CPU.ActiveCfg = Release|Any CPU
		{A1D7207D-1E7D-4DC4-ABA7-B55B00917FAD}.Release|Any CPU.Build.0 = Release|Any CPU
	EndGlobalSection
	GlobalSection(SolutionProperties) = preSolution
		HideSolutionNode = FALSE
	EndGlobalSection
	GlobalSection(ExtensibilityGlobals) = postSolution
		SolutionGuid = {73FF53EA-7885-4CEB-8F4D-536BB61B1587}
	EndGlobalSection
EndGlobal
